
Microsoft Visual Studio Solution File, Format Version 12.00
# Visual Studio 2013
VisualStudioVersion = 12.0.31101.0
MinimumVisualStudioVersion = 10.0.40219.1
Project("{8BC9CEB8-8B4A-11D0-8D11-00A0C91BC942}") = "VSlib", "VSlib\VSlib.vcxproj", "{84304CEF-1760-44EA-A364-92B45B6758C0}"
EndProject
Project("{8BC9CEB8-8B4A-11D0-8D11-00A0C91BC942}") = "TestExe", "TestExe\TestExe.vcxproj", "{65307885-5F71-4B21-B073-C90B01CE9BE6}"
EndProject
Global
	GlobalSection(SolutionConfigurationPlatforms) = preSolution
		Debug|Win32 = Debug|Win32
		Release|Win32 = Release|Win32
	EndGlobalSection
	GlobalSection(ProjectConfigurationPlatforms) = postSolution
		{84304CEF-1760-44EA-A364-92B45B6758C0}.Debug|Win32.ActiveCfg = Debug|Win32
		{84304CEF-1760-44EA-A364-92B45B6758C0}.Debug|Win32.Build.0 = Debug|Win32
		{84304CEF-1760-44EA-A364-92B45B6758C0}.Release|Win32.ActiveCfg = Release|Win32
		{84304CEF-1760-44EA-A364-92B45B6758C0}.Release|Win32.Build.0 = Release|Win32
		{65307885-5F71-4B21-B073-C90B01CE9BE6}.Debug|Win32.ActiveCfg = Debug|Win32
		{65307885-5F71-4B21-B073-C90B01CE9BE6}.Debug|Win32.Build.0 = Debug|Win32
		{65307885-5F71-4B21-B073-C90B01CE9BE6}.Debug|Win32.Deploy.0 = Debug|Win32
		{65307885-5F71-4B21-B073-C90B01CE9BE6}.Release|Win32.ActiveCfg = Release|Win32
		{65307885-5F71-4B21-B073-C90B01CE9BE6}.Release|Win32.Build.0 = Release|Win32
	EndGlobalSection
	GlobalSection(SolutionProperties) = preSolution
		HideSolutionNode = FALSE
	EndGlobalSection
EndGlobal
